PODS:
  - Alamofire (4.8.2)
  - FileKit (5.0.0)
  - "NSObject+Rx (4.4.1)":
    - RxSwift (~> 4.3)
  - RxAlamofire (4.4.1):
    - RxAlamofire/Core (= 4.4.1)
  - RxAlamofire/Core (4.4.1):
    - Alamofire (~> 4.8)
    - RxSwift (~> 4.5)
  - RxCocoa (4.5.0):
    - RxSwift (>= 4.4.2, ~> 4.4)
  - RxSwift (4.5.0)
  - SwiftyJSON (4.3.0)
  - Then (2.5.0)

DEPENDENCIES:
  - Alamofire (~> 4.7)
  - FileKit (~> 5.0.0)
  - "NSObject+Rx"
  - RxAlamofire
  - RxCocoa (~> 4.0)
  - RxSwift (~> 4.0)
  - SwiftyJSON (~> 4.0)
  - Then

SPEC REPOS:
  https://github.com/cocoapods/specs.git:
    - Alamofire
    - FileKit
    - "NSObject+Rx"
    - RxAlamofire
    - RxCocoa
    - RxSwift
    - SwiftyJSON
    - Then

SPEC CHECKSUMS:
  Alamofire: ae5c501addb7afdbb13687d7f2f722c78734c2d3
  FileKit: 857f5f9d2583044c1354e7564b110d80f31405e8
  "NSObject+Rx": 9884a92f19b610795c431e10b4e601913b59c9e9
  RxAlamofire: ed65f451f5a9a59419b0b9e705043dc01410edd9
  RxCocoa: cbf70265dc65a981d4ac982e513c10cf23df24a0
  RxSwift: f172070dfd1a93d70a9ab97a5a01166206e1c575
  SwiftyJSON: 6faa0040f8b59dead0ee07436cbf76b73c08fd08
  Then: 0157115e883545c77967b452fe74a1d25fb796e1

PODFILE CHECKSUM: 0cdf85d9f11b5727c4ba18b0a22b868cc0c12f75

COCOAPODS: 1.7.3
