// !$*UTF8*$!
{
	archiveVersion = 1;
	classes = {
	};
	objectVersion = 51;
	objects = {

/* Begin PBXBuildFile section */
		660EC1FF231238F600CCC305 /* Queue.swift in Sources */ = {isa = PBXBuildFile; fileRef = 660EC1FE231238F600CCC305 /* Queue.swift */; };
		6650F36A23117E230029FCED /* DispatchQueue+Mai.swift in Sources */ = {isa = PBXBuildFile; fileRef = 6650F36923117E230029FCED /* DispatchQueue+Mai.swift */; };
		6650F36E231183EE0029FCED /* BehaviorRelay+Mai.swift in Sources */ = {isa = PBXBuildFile; fileRef = 6650F36D231183EE0029FCED /* BehaviorRelay+Mai.swift */; };
		6650F370231184230029FCED /* NSMenuItem+Mai.swift in Sources */ = {isa = PBXBuildFile; fileRef = 6650F36F231184230029FCED /* NSMenuItem+Mai.swift */; };
		66F46233218886E200B11713 /* AppDelegate.swift in Sources */ = {isa = PBXBuildFile; fileRef = 66F46232218886E200B11713 /* AppDelegate.swift */; };
		66F46237218886E300B11713 /* Assets.xcassets in Resources */ = {isa = PBXBuildFile; fileRef = 66F46236218886E300B11713 /* Assets.xcassets */; };
		66F4623A218886E300B11713 /* Main.storyboard in Resources */ = {isa = PBXBuildFile; fileRef = 66F46238218886E300B11713 /* Main.storyboard */; };
		66F4624C2188874C00B11713 /* 5bbadd3466e1f3205b7e4e98.mp4 in Resources */ = {isa = PBXBuildFile; fileRef = 66F462432188874C00B11713 /* 5bbadd3466e1f3205b7e4e98.mp4 */; };
		66F4624D2188874C00B11713 /* Logger.swift in Sources */ = {isa = PBXBuildFile; fileRef = 66F462452188874C00B11713 /* Logger.swift */; };
		66F4624F2188874C00B11713 /* EventBus.swift in Sources */ = {isa = PBXBuildFile; fileRef = 66F462472188874C00B11713 /* EventBus.swift */; };
		66F462512188874C00B11713 /* MaiScreenSaverView.swift in Sources */ = {isa = PBXBuildFile; fileRef = 66F4624A2188874C00B11713 /* MaiScreenSaverView.swift */; };
		66F462522188874C00B11713 /* MaiScreenSaverWindow.swift in Sources */ = {isa = PBXBuildFile; fileRef = 66F4624B2188874C00B11713 /* MaiScreenSaverWindow.swift */; };
		66F462542188875F00B11713 /* VideoManager.swift in Sources */ = {isa = PBXBuildFile; fileRef = 66F462532188875F00B11713 /* VideoManager.swift */; };
		66F4625621888A0D00B11713 /* fn.swift in Sources */ = {isa = PBXBuildFile; fileRef = 66F4625521888A0D00B11713 /* fn.swift */; };
		6F02A64DD04A353A32C45142 /* Pods_Mai.framework in Frameworks */ = {isa = PBXBuildFile; fileRef = D86594EFA2D0FC085F5FF940 /* Pods_Mai.framework */; };
/* End PBXBuildFile section */

/* Begin PBXFileReference section */
		660EC1FE231238F600CCC305 /* Queue.swift */ = {isa = PBXFileReference; lastKnownFileType = sourcecode.swift; path = Queue.swift; sourceTree = "<group>"; };
		6650F36923117E230029FCED /* DispatchQueue+Mai.swift */ = {isa = PBXFileReference; lastKnownFileType = sourcecode.swift; path = "DispatchQueue+Mai.swift"; sourceTree = "<group>"; };
		6650F36D231183EE0029FCED /* BehaviorRelay+Mai.swift */ = {isa = PBXFileReference; lastKnownFileType = sourcecode.swift; path = "BehaviorRelay+Mai.swift"; sourceTree = "<group>"; };
		6650F36F231184230029FCED /* NSMenuItem+Mai.swift */ = {isa = PBXFileReference; lastKnownFileType = sourcecode.swift; path = "NSMenuItem+Mai.swift"; sourceTree = "<group>"; };
		66F4622F218886E200B11713 /* Mai.app */ = {isa = PBXFileReference; explicitFileType = wrapper.application; includeInIndex = 0; path = Mai.app; sourceTree = BUILT_PRODUCTS_DIR; };
		66F46232218886E200B11713 /* AppDelegate.swift */ = {isa = PBXFileReference; lastKnownFileType = sourcecode.swift; path = AppDelegate.swift; sourceTree = "<group>"; };
		66F46236218886E300B11713 /* Assets.xcassets */ = {isa = PBXFileReference; lastKnownFileType = folder.assetcatalog; path = Assets.xcassets; sourceTree = "<group>"; };
		66F46239218886E300B11713 /* Base */ = {isa = PBXFileReference; lastKnownFileType = file.storyboard; name = Base; path = Base.lproj/Main.storyboard; sourceTree = "<group>"; };
		66F4623B218886E300B11713 /* Info.plist */ = {isa = PBXFileReference; lastKnownFileType = text.plist.xml; path = Info.plist; sourceTree = "<group>"; };
		66F4623C218886E300B11713 /* Mai.entitlements */ = {isa = PBXFileReference; lastKnownFileType = text.plist.entitlements; path = Mai.entitlements; sourceTree = "<group>"; };
		66F462432188874C00B11713 /* 5bbadd3466e1f3205b7e4e98.mp4 */ = {isa = PBXFileReference; lastKnownFileType = file; path = 5bbadd3466e1f3205b7e4e98.mp4; sourceTree = "<group>"; };
		66F462452188874C00B11713 /* Logger.swift */ = {isa = PBXFileReference; fileEncoding = 4; lastKnownFileType = sourcecode.swift; path = Logger.swift; sourceTree = "<group>"; };
		66F462472188874C00B11713 /* EventBus.swift */ = {isa = PBXFileReference; fileEncoding = 4; lastKnownFileType = sourcecode.swift; path = EventBus.swift; sourceTree = "<group>"; };
		66F4624A2188874C00B11713 /* MaiScreenSaverView.swift */ = {isa = PBXFileReference; fileEncoding = 4; lastKnownFileType = sourcecode.swift; path = MaiScreenSaverView.swift; sourceTree = "<group>"; };
		66F4624B2188874C00B11713 /* MaiScreenSaverWindow.swift */ = {isa = PBXFileReference; fileEncoding = 4; lastKnownFileType = sourcecode.swift; path = MaiScreenSaverWindow.swift; sourceTree = "<group>"; };
		66F462532188875F00B11713 /* VideoManager.swift */ = {isa = PBXFileReference; fileEncoding = 4; lastKnownFileType = sourcecode.swift; path = VideoManager.swift; sourceTree = "<group>"; };
		66F4625521888A0D00B11713 /* fn.swift */ = {isa = PBXFileReference; lastKnownFileType = sourcecode.swift; path = fn.swift; sourceTree = "<group>"; };
		7376889835A8DC00D082FDFF /* Pods-Mai.release.xcconfig */ = {isa = PBXFileReference; includeInIndex = 1; lastKnownFileType = text.xcconfig; name = "Pods-Mai.release.xcconfig"; path = "Target Support Files/Pods-Mai/Pods-Mai.release.xcconfig"; sourceTree = "<group>"; };
		7DBC44C39ADC2B225462BAD3 /* Pods-Mai.debug.xcconfig */ = {isa = PBXFileReference; includeInIndex = 1; lastKnownFileType = text.xcconfig; name = "Pods-Mai.debug.xcconfig"; path = "Target Support Files/Pods-Mai/Pods-Mai.debug.xcconfig"; sourceTree = "<group>"; };
		D86594EFA2D0FC085F5FF940 /* Pods_Mai.framework */ = {isa = PBXFileReference; explicitFileType = wrapper.framework; includeInIndex = 0; path = Pods_Mai.framework; sourceTree = BUILT_PRODUCTS_DIR; };
/* End PBXFileReference section */

/* Begin PBXFrameworksBuildPhase section */
		66F4622C218886E200B11713 /* Frameworks */ = {
			isa = PBXFrameworksBuildPhase;
			buildActionMask = 2147483647;
			files = (
				6F02A64DD04A353A32C45142 /* Pods_Mai.framework in Frameworks */,
			);
			runOnlyForDeploymentPostprocessing = 0;
		};
/* End PBXFrameworksBuildPhase section */

/* Begin PBXGroup section */
		5EE8966FBBA0ED4D6F23C233 /* Pods */ = {
			isa = PBXGroup;
			children = (
				7DBC44C39ADC2B225462BAD3 /* Pods-Mai.debug.xcconfig */,
				7376889835A8DC00D082FDFF /* Pods-Mai.release.xcconfig */,
			);
			path = Pods;
			sourceTree = "<group>";
		};
		6650F36823117E0F0029FCED /* Extensions */ = {
			isa = PBXGroup;
			children = (
				6650F36923117E230029FCED /* DispatchQueue+Mai.swift */,
				6650F36D231183EE0029FCED /* BehaviorRelay+Mai.swift */,
				6650F36F231184230029FCED /* NSMenuItem+Mai.swift */,
			);
			path = Extensions;
			sourceTree = "<group>";
		};
		66F46226218886E200B11713 = {
			isa = PBXGroup;
			children = (
				66F46231218886E200B11713 /* Mai */,
				66F46230218886E200B11713 /* Products */,
				5EE8966FBBA0ED4D6F23C233 /* Pods */,
				ED7703E58CC4055B7FDDEA38 /* Frameworks */,
			);
			sourceTree = "<group>";
		};
		66F46230218886E200B11713 /* Products */ = {
			isa = PBXGroup;
			children = (
				66F4622F218886E200B11713 /* Mai.app */,
			);
			name = Products;
			sourceTree = "<group>";
		};
		66F46231218886E200B11713 /* Mai */ = {
			isa = PBXGroup;
			children = (
				66F462532188875F00B11713 /* VideoManager.swift */,
				66F462422188874C00B11713 /* Resources */,
				66F462442188874C00B11713 /* Utils */,
				66F462482188874C00B11713 /* Views */,
				66F46232218886E200B11713 /* AppDelegate.swift */,
				66F46236218886E300B11713 /* Assets.xcassets */,
				66F46238218886E300B11713 /* Main.storyboard */,
				66F4623B218886E300B11713 /* Info.plist */,
				66F4623C218886E300B11713 /* Mai.entitlements */,
			);
			path = Mai;
			sourceTree = "<group>";
		};
		66F462422188874C00B11713 /* Resources */ = {
			isa = PBXGroup;
			children = (
				66F462432188874C00B11713 /* 5bbadd3466e1f3205b7e4e98.mp4 */,
			);
			path = Resources;
			sourceTree = "<group>";
		};
		66F462442188874C00B11713 /* Utils */ = {
			isa = PBXGroup;
			children = (
				6650F36823117E0F0029FCED /* Extensions */,
				66F462452188874C00B11713 /* Logger.swift */,
				66F462472188874C00B11713 /* EventBus.swift */,
				66F4625521888A0D00B11713 /* fn.swift */,
				660EC1FE231238F600CCC305 /* Queue.swift */,
			);
			path = Utils;
			sourceTree = "<group>";
		};
		66F462482188874C00B11713 /* Views */ = {
			isa = PBXGroup;
			children = (
				66F4624A2188874C00B11713 /* MaiScreenSaverView.swift */,
				66F4624B2188874C00B11713 /* MaiScreenSaverWindow.swift */,
			);
			path = Views;
			sourceTree = "<group>";
		};
		ED7703E58CC4055B7FDDEA38 /* Frameworks */ = {
			isa = PBXGroup;
			children = (
				D86594EFA2D0FC085F5FF940 /* Pods_Mai.framework */,
			);
			name = Frameworks;
			sourceTree = "<group>";
		};
/* End PBXGroup section */

/* Begin PBXNativeTarget section */
		66F4622E218886E200B11713 /* Mai */ = {
			isa = PBXNativeTarget;
			buildConfigurationList = 66F4623F218886E300B11713 /* Build configuration list for PBXNativeTarget "Mai" */;
			buildPhases = (
				7D4C96D82E22EBACD3173BCA /* [CP] Check Pods Manifest.lock */,
				66F4622B218886E200B11713 /* Sources */,
				66F4622C218886E200B11713 /* Frameworks */,
				66F4622D218886E200B11713 /* Resources */,
				EDEC0AFA02D0107AC338BA8C /* [CP] Embed Pods Frameworks */,
			);
			buildRules = (
			);
			dependencies = (
			);
			name = Mai;
			productName = Mai;
			productReference = 66F4622F218886E200B11713 /* Mai.app */;
			productType = "com.apple.product-type.application";
		};
/* End PBXNativeTarget section */

/* Begin PBXProject section */
		66F46227218886E200B11713 /* Project object */ = {
			isa = PBXProject;
			attributes = {
				LastSwiftUpdateCheck = 1000;
				LastUpgradeCheck = 1000;
				ORGANIZATIONNAME = v2ambition;
				TargetAttributes = {
					66F4622E218886E200B11713 = {
						CreatedOnToolsVersion = 10.0;
						LastSwiftMigration = 1030;
						SystemCapabilities = {
							com.apple.Sandbox = {
								enabled = 0;
							};
						};
					};
				};
			};
			buildConfigurationList = 66F4622A218886E200B11713 /* Build configuration list for PBXProject "Mai" */;
			compatibilityVersion = "Xcode 9.3";
			developmentRegion = en;
			hasScannedForEncodings = 0;
			knownRegions = (
				en,
				Base,
			);
			mainGroup = 66F46226218886E200B11713;
			productRefGroup = 66F46230218886E200B11713 /* Products */;
			projectDirPath = "";
			projectRoot = "";
			targets = (
				66F4622E218886E200B11713 /* Mai */,
			);
		};
/* End PBXProject section */

/* Begin PBXResourcesBuildPhase section */
		66F4622D218886E200B11713 /* Resources */ = {
			isa = PBXResourcesBuildPhase;
			buildActionMask = 2147483647;
			files = (
				66F4624C2188874C00B11713 /* 5bbadd3466e1f3205b7e4e98.mp4 in Resources */,
				66F46237218886E300B11713 /* Assets.xcassets in Resources */,
				66F4623A218886E300B11713 /* Main.storyboard in Resources */,
			);
			runOnlyForDeploymentPostprocessing = 0;
		};
/* End PBXResourcesBuildPhase section */

/* Begin PBXShellScriptBuildPhase section */
		7D4C96D82E22EBACD3173BCA /* [CP] Check Pods Manifest.lock */ = {
			isa = PBXShellScriptBuildPhase;
			buildActionMask = 2147483647;
			files = (
			);
			inputFileListPaths = (
			);
			inputPaths = (
				"${PODS_PODFILE_DIR_PATH}/Podfile.lock",
				"${PODS_ROOT}/Manifest.lock",
			);
			name = "[CP] Check Pods Manifest.lock";
			outputFileListPaths = (
			);
			outputPaths = (
				"$(DERIVED_FILE_DIR)/Pods-Mai-checkManifestLockResult.txt",
			);
			runOnlyForDeploymentPostprocessing = 0;
			shellPath = /bin/sh;
			shellScript = "diff \"${PODS_PODFILE_DIR_PATH}/Podfile.lock\" \"${PODS_ROOT}/Manifest.lock\" > /dev/null\nif [ $? != 0 ] ; then\n    # print error to STDERR\n    echo \"error: The sandbox is not in sync with the Podfile.lock. Run 'pod install' or update your CocoaPods installation.\" >&2\n    exit 1\nfi\n# This output is used by Xcode 'outputs' to avoid re-running this script phase.\necho \"SUCCESS\" > \"${SCRIPT_OUTPUT_FILE_0}\"\n";
			showEnvVarsInLog = 0;
		};
		EDEC0AFA02D0107AC338BA8C /* [CP] Embed Pods Frameworks */ = {
			isa = PBXShellScriptBuildPhase;
			buildActionMask = 2147483647;
			files = (
			);
			inputFileListPaths = (
				"${PODS_ROOT}/Target Support Files/Pods-Mai/Pods-Mai-frameworks-${CONFIGURATION}-input-files.xcfilelist",
			);
			name = "[CP] Embed Pods Frameworks";
			outputFileListPaths = (
				"${PODS_ROOT}/Target Support Files/Pods-Mai/Pods-Mai-frameworks-${CONFIGURATION}-output-files.xcfilelist",
			);
			runOnlyForDeploymentPostprocessing = 0;
			shellPath = /bin/sh;
			shellScript = "\"${PODS_ROOT}/Target Support Files/Pods-Mai/Pods-Mai-frameworks.sh\"\n";
			showEnvVarsInLog = 0;
		};
/* End PBXShellScriptBuildPhase section */

/* Begin PBXSourcesBuildPhase section */
		66F4622B218886E200B11713 /* Sources */ = {
			isa = PBXSourcesBuildPhase;
			buildActionMask = 2147483647;
			files = (
				66F4624F2188874C00B11713 /* EventBus.swift in Sources */,
				6650F36E231183EE0029FCED /* BehaviorRelay+Mai.swift in Sources */,
				66F462542188875F00B11713 /* VideoManager.swift in Sources */,
				66F462512188874C00B11713 /* MaiScreenSaverView.swift in Sources */,
				66F4625621888A0D00B11713 /* fn.swift in Sources */,
				66F4624D2188874C00B11713 /* Logger.swift in Sources */,
				660EC1FF231238F600CCC305 /* Queue.swift in Sources */,
				66F462522188874C00B11713 /* MaiScreenSaverWindow.swift in Sources */,
				6650F370231184230029FCED /* NSMenuItem+Mai.swift in Sources */,
				6650F36A23117E230029FCED /* DispatchQueue+Mai.swift in Sources */,
				66F46233218886E200B11713 /* AppDelegate.swift in Sources */,
			);
			runOnlyForDeploymentPostprocessing = 0;
		};
/* End PBXSourcesBuildPhase section */

/* Begin PBXVariantGroup section */
		66F46238218886E300B11713 /* Main.storyboard */ = {
			isa = PBXVariantGroup;
			children = (
				66F46239218886E300B11713 /* Base */,
			);
			name = Main.storyboard;
			sourceTree = "<group>";
		};
/* End PBXVariantGroup section */

/* Begin XCBuildConfiguration section */
		66F4623D218886E300B11713 /* Debug */ = {
			isa = XCBuildConfiguration;
			buildSettings = {
				ALWAYS_SEARCH_USER_PATHS = NO;
				CLANG_ANALYZER_NONNULL = YES;
				CLANG_ANALYZER_NUMBER_OBJECT_CONVERSION = YES_AGGRESSIVE;
				CLANG_CXX_LANGUAGE_STANDARD = "gnu++14";
				CLANG_CXX_LIBRARY = "libc++";
				CLANG_ENABLE_MODULES = YES;
				CLANG_ENABLE_OBJC_ARC = YES;
				CLANG_ENABLE_OBJC_WEAK = YES;
				CLANG_WARN_BLOCK_CAPTURE_AUTORELEASING = YES;
				CLANG_WARN_BOOL_CONVERSION = YES;
				CLANG_WARN_COMMA = YES;
				CLANG_WARN_CONSTANT_CONVERSION = YES;
				CLANG_WARN_DEPRECATED_OBJC_IMPLEMENTATIONS = YES;
				CLANG_WARN_DIRECT_OBJC_ISA_USAGE = YES_ERROR;
				CLANG_WARN_DOCUMENTATION_COMMENTS = YES;
				CLANG_WARN_EMPTY_BODY = YES;
				CLANG_WARN_ENUM_CONVERSION = YES;
				CLANG_WARN_INFINITE_RECURSION = YES;
				CLANG_WARN_INT_CONVERSION = YES;
				CLANG_WARN_NON_LITERAL_NULL_CONVERSION = YES;
				CLANG_WARN_OBJC_IMPLICIT_RETAIN_SELF = YES;
				CLANG_WARN_OBJC_LITERAL_CONVERSION = YES;
				CLANG_WARN_OBJC_ROOT_CLASS = YES_ERROR;
				CLANG_WARN_RANGE_LOOP_ANALYSIS = YES;
				CLANG_WARN_STRICT_PROTOTYPES = YES;
				CLANG_WARN_SUSPICIOUS_MOVE = YES;
				CLANG_WARN_UNGUARDED_AVAILABILITY = YES_AGGRESSIVE;
				CLANG_WARN_UNREACHABLE_CODE = YES;
				CLANG_WARN__DUPLICATE_METHOD_MATCH = YES;
				CODE_SIGN_IDENTITY = "Mac Developer";
				COPY_PHASE_STRIP = NO;
				DEBUG_INFORMATION_FORMAT = dwarf;
				ENABLE_STRICT_OBJC_MSGSEND = YES;
				ENABLE_TESTABILITY = YES;
				GCC_C_LANGUAGE_STANDARD = gnu11;
				GCC_DYNAMIC_NO_PIC = NO;
				GCC_NO_COMMON_BLOCKS = YES;
				GCC_OPTIMIZATION_LEVEL = 0;
				GCC_PREPROCESSOR_DEFINITIONS = (
					"DEBUG=1",
					"$(inherited)",
				);
				GCC_WARN_64_TO_32_BIT_CONVERSION = YES;
				GCC_WARN_ABOUT_RETURN_TYPE = YES_ERROR;
				GCC_WARN_UNDECLARED_SELECTOR = YES;
				GCC_WARN_UNINITIALIZED_AUTOS = YES_AGGRESSIVE;
				GCC_WARN_UNUSED_FUNCTION = YES;
				GCC_WARN_UNUSED_VARIABLE = YES;
				MACOSX_DEPLOYMENT_TARGET = 10.14;
				MTL_ENABLE_DEBUG_INFO = INCLUDE_SOURCE;
				MTL_FAST_MATH = YES;
				ONLY_ACTIVE_ARCH = YES;
				SDKROOT = macosx;
				SWIFT_ACTIVE_COMPILATION_CONDITIONS = DEBUG;
				SWIFT_OPTIMIZATION_LEVEL = "-Onone";
			};
			name = Debug;
		};
		66F4623E218886E300B11713 /* Release */ = {
			isa = XCBuildConfiguration;
			buildSettings = {
				ALWAYS_SEARCH_USER_PATHS = NO;
				CLANG_ANALYZER_NONNULL = YES;
				CLANG_ANALYZER_NUMBER_OBJECT_CONVERSION = YES_AGGRESSIVE;
				CLANG_CXX_LANGUAGE_STANDARD = "gnu++14";
				CLANG_CXX_LIBRARY = "libc++";
				CLANG_ENABLE_MODULES = YES;
				CLANG_ENABLE_OBJC_ARC = YES;
				CLANG_ENABLE_OBJC_WEAK = YES;
				CLANG_WARN_BLOCK_CAPTURE_AUTORELEASING = YES;
				CLANG_WARN_BOOL_CONVERSION = YES;
				CLANG_WARN_COMMA = YES;
				CLANG_WARN_CONSTANT_CONVERSION = YES;
				CLANG_WARN_DEPRECATED_OBJC_IMPLEMENTATIONS = YES;
				CLANG_WARN_DIRECT_OBJC_ISA_USAGE = YES_ERROR;
				CLANG_WARN_DOCUMENTATION_COMMENTS = YES;
				CLANG_WARN_EMPTY_BODY = YES;
				CLANG_WARN_ENUM_CONVERSION = YES;
				CLANG_WARN_INFINITE_RECURSION = YES;
				CLANG_WARN_INT_CONVERSION = YES;
				CLANG_WARN_NON_LITERAL_NULL_CONVERSION = YES;
				CLANG_WARN_OBJC_IMPLICIT_RETAIN_SELF = YES;
				CLANG_WARN_OBJC_LITERAL_CONVERSION = YES;
				CLANG_WARN_OBJC_ROOT_CLASS = YES_ERROR;
				CLANG_WARN_RANGE_LOOP_ANALYSIS = YES;
				CLANG_WARN_STRICT_PROTOTYPES = YES;
				CLANG_WARN_SUSPICIOUS_MOVE = YES;
				CLANG_WARN_UNGUARDED_AVAILABILITY = YES_AGGRESSIVE;
				CLANG_WARN_UNREACHABLE_CODE = YES;
				CLANG_WARN__DUPLICATE_METHOD_MATCH = YES;
				CODE_SIGN_IDENTITY = "Mac Developer";
				COPY_PHASE_STRIP = NO;
				DEBUG_INFORMATION_FORMAT = "dwarf-with-dsym";
				ENABLE_NS_ASSERTIONS = NO;
				ENABLE_STRICT_OBJC_MSGSEND = YES;
				GCC_C_LANGUAGE_STANDARD = gnu11;
				GCC_NO_COMMON_BLOCKS = YES;
				GCC_WARN_64_TO_32_BIT_CONVERSION = YES;
				GCC_WARN_ABOUT_RETURN_TYPE = YES_ERROR;
				GCC_WARN_UNDECLARED_SELECTOR = YES;
				GCC_WARN_UNINITIALIZED_AUTOS = YES_AGGRESSIVE;
				GCC_WARN_UNUSED_FUNCTION = YES;
				GCC_WARN_UNUSED_VARIABLE = YES;
				MACOSX_DEPLOYMENT_TARGET = 10.14;
				MTL_ENABLE_DEBUG_INFO = NO;
				MTL_FAST_MATH = YES;
				SDKROOT = macosx;
				SWIFT_COMPILATION_MODE = wholemodule;
				SWIFT_OPTIMIZATION_LEVEL = "-O";
			};
			name = Release;
		};
		66F46240218886E300B11713 /* Debug */ = {
			isa = XCBuildConfiguration;
			baseConfigurationReference = 7DBC44C39ADC2B225462BAD3 /* Pods-Mai.debug.xcconfig */;
			buildSettings = {
				ASSETCATALOG_COMPILER_APPICON_NAME = AppIcon;
				CODE_SIGN_STYLE = Automatic;
				COMBINE_HIDPI_IMAGES = YES;
				DEVELOPMENT_TEAM = R84XK96G6A;
				INFOPLIST_FILE = Mai/Info.plist;
				LD_RUNPATH_SEARCH_PATHS = (
					"$(inherited)",
					"@executable_path/../Frameworks",
				);
				MACOSX_DEPLOYMENT_TARGET = 10.12;
				PRODUCT_BUNDLE_IDENTIFIER = com.v2ambition.Mai;
				PRODUCT_NAME = "$(TARGET_NAME)";
				SWIFT_VERSION = 5.0;
			};
			name = Debug;
		};
		66F46241218886E300B11713 /* Release */ = {
			isa = XCBuildConfiguration;
			baseConfigurationReference = 7376889835A8DC00D082FDFF /* Pods-Mai.release.xcconfig */;
			buildSettings = {
				ASSETCATALOG_COMPILER_APPICON_NAME = AppIcon;
				CODE_SIGN_STYLE = Automatic;
				COMBINE_HIDPI_IMAGES = YES;
				DEVELOPMENT_TEAM = R84XK96G6A;
				INFOPLIST_FILE = Mai/Info.plist;
				LD_RUNPATH_SEARCH_PATHS = (
					"$(inherited)",
					"@executable_path/../Frameworks",
				);
				MACOSX_DEPLOYMENT_TARGET = 10.12;
				PRODUCT_BUNDLE_IDENTIFIER = com.v2ambition.Mai;
				PRODUCT_NAME = "$(TARGET_NAME)";
				SWIFT_VERSION = 5.0;
			};
			name = Release;
		};
/* End XCBuildConfiguration section */

/* Begin XCConfigurationList section */
		66F4622A218886E200B11713 /* Build configuration list for PBXProject "Mai" */ = {
			isa = XCConfigurationList;
			buildConfigurations = (
				66F4623D218886E300B11713 /* Debug */,
				66F4623E218886E300B11713 /* Release */,
			);
			defaultConfigurationIsVisible = 0;
			defaultConfigurationName = Release;
		};
		66F4623F218886E300B11713 /* Build configuration list for PBXNativeTarget "Mai" */ = {
			isa = XCConfigurationList;
			buildConfigurations = (
				66F46240218886E300B11713 /* Debug */,
				66F46241218886E300B11713 /* Release */,
			);
			defaultConfigurationIsVisible = 0;
			defaultConfigurationName = Release;
		};
/* End XCConfigurationList section */
	};
	rootObject = 66F46227218886E200B11713 /* Project object */;
}
